
Microsoft Visual Studio Solution File, Format Version 12.00
# Visual Studio Version 16
VisualStudioVersion = 16.0.29102.190
MinimumVisualStudioVersion = 10.0.40219.1
Project("{E53339B2-1760-4266-BCC7-CA923CBCF16C}") = "docker-compose", "docker-compose.dcproj", "{4A730E5F-5BDC-471C-B153-5593049DCCE7}"
EndProject
Project("{2150E333-8FDC-42A3-9474-1A3956D46DE8}") = "Customers", "Customers", "{DEC434A6-745B-49CA-8B47-ABBBF3CDEC63}"
EndProject
Project("{9A19103F-16F7-4668-BE54-9A1E7A4F7556}") = "Common", "Common\Common.csproj", "{2DB343EF-3980-4698-9E86-17D95514A548}"
EndProject
Project("{9A19103F-16F7-4668-BE54-9A1E7A4F7556}") = "Customers.Domain", "Customers.Domain\Customers.Domain.csproj", "{9D722865-A5C1-4D35-8D8A-439C51F753CA}"
EndProject
Project("{9A19103F-16F7-4668-BE54-9A1E7A4F7556}") = "Customers.Application", "Customers.Application\Customers.Application.csproj", "{00B2B456-803B-4214-8D40-197C429EF93D}"
EndProject
Project("{9A19103F-16F7-4668-BE54-9A1E7A4F7556}") = "Infrastructure", "Infrastructure\Infrastructure.csproj", "{005CD42E-851B-4857-B988-5438505DEE24}"
EndProject
Project("{9A19103F-16F7-4668-BE54-9A1E7A4F7556}") = "Customers.Api", "Customers.Api\Customers.Api.csproj", "{D905405F-5868-49FF-9474-7FD03144FBBA}"
EndProject
Project("{2150E333-8FDC-42A3-9474-1A3956D46DE8}") = "Banking", "Banking", "{C52FDBEE-A59B-43F2-B29F-B9E910EA6354}"
EndProject
Project("{9A19103F-16F7-4668-BE54-9A1E7A4F7556}") = "Customers.Shared", "Customers.Shared\Customers.Shared.csproj", "{D38CDCC3-88EC-4122-A079-7FB4F03D7296}"
EndProject
Project("{9A19103F-16F7-4668-BE54-9A1E7A4F7556}") = "Customers.Insfrastructure", "Customers.Infrastructure\Customers.Insfrastructure.csproj", "{4E7D158C-F0F9-464C-9669-363E9215CB3C}"
EndProject
Project("{9A19103F-16F7-4668-BE54-9A1E7A4F7556}") = "Banking.Api", "Banking.Api\Banking.Api.csproj", "{695DF8F2-C105-4E98-81F4-AD1394DEDEE5}"
EndProject
Project("{9A19103F-16F7-4668-BE54-9A1E7A4F7556}") = "ApiGateway", "ApiGateway\ApiGateway.csproj", "{3EE3FAD3-89BD-43F9-B3E1-8138F91E81B6}"
EndProject
Project("{9A19103F-16F7-4668-BE54-9A1E7A4F7556}") = "Banking.Shared", "Banking.Shared\Banking.Shared.csproj", "{8DCE8F62-2BE2-4DB4-9412-5630C2D9F039}"
EndProject
Project("{FAE04EC0-301F-11D3-BF4B-00C04F79EFBC}") = "Banking.Domain", "Banking.Domain\Banking.Domain.csproj", "{8360F95F-F704-494A-9BC5-1505D3A38DE2}"
EndProject
Project("{FAE04EC0-301F-11D3-BF4B-00C04F79EFBC}") = "Banking.Infrastructure", "Banking.Infrastructure\Banking.Infrastructure.csproj", "{D147822D-FB5D-459E-B29E-6D86FF9FE491}"
EndProject
Project("{FAE04EC0-301F-11D3-BF4B-00C04F79EFBC}") = "Banking.Application", "Banking.Application\Banking.Application.csproj", "{4AEBB2C3-65CA-4823-BF15-B06C94BEADBA}"
EndProject
Global
	GlobalSection(SolutionConfigurationPlatforms) = preSolution
		Debug|Any CPU = Debug|Any CPU
		Release|Any CPU = Release|Any CPU
	EndGlobalSection
	GlobalSection(ProjectConfigurationPlatforms) = postSolution
		{4A730E5F-5BDC-471C-B153-5593049DCCE7}.Debug|Any CPU.ActiveCfg = Debug|Any CPU
		{4A730E5F-5BDC-471C-B153-5593049DCCE7}.Debug|Any CPU.Build.0 = Debug|Any CPU
		{4A730E5F-5BDC-471C-B153-5593049DCCE7}.Release|Any CPU.ActiveCfg = Release|Any CPU
		{4A730E5F-5BDC-471C-B153-5593049DCCE7}.Release|Any CPU.Build.0 = Release|Any CPU
		{2DB343EF-3980-4698-9E86-17D95514A548}.Debug|Any CPU.ActiveCfg = Debug|Any CPU
		{2DB343EF-3980-4698-9E86-17D95514A548}.Debug|Any CPU.Build.0 = Debug|Any CPU
		{2DB343EF-3980-4698-9E86-17D95514A548}.Release|Any CPU.ActiveCfg = Release|Any CPU
		{2DB343EF-3980-4698-9E86-17D95514A548}.Release|Any CPU.Build.0 = Release|Any CPU
		{9D722865-A5C1-4D35-8D8A-439C51F753CA}.Debug|Any CPU.ActiveCfg = Debug|Any CPU
		{9D722865-A5C1-4D35-8D8A-439C51F753CA}.Debug|Any CPU.Build.0 = Debug|Any CPU
		{9D722865-A5C1-4D35-8D8A-439C51F753CA}.Release|Any CPU.ActiveCfg = Release|Any CPU
		{9D722865-A5C1-4D35-8D8A-439C51F753CA}.Release|Any CPU.Build.0 = Release|Any CPU
		{00B2B456-803B-4214-8D40-197C429EF93D}.Debug|Any CPU.ActiveCfg = Debug|Any CPU
		{00B2B456-803B-4214-8D40-197C429EF93D}.Debug|Any CPU.Build.0 = Debug|Any CPU
		{00B2B456-803B-4214-8D40-197C429EF93D}.Release|Any CPU.ActiveCfg = Release|Any CPU
		{00B2B456-803B-4214-8D40-197C429EF93D}.Release|Any CPU.Build.0 = Release|Any CPU
		{005CD42E-851B-4857-B988-5438505DEE24}.Debug|Any CPU.ActiveCfg = Debug|Any CPU
		{005CD42E-851B-4857-B988-5438505DEE24}.Debug|Any CPU.Build.0 = Debug|Any CPU
		{005CD42E-851B-4857-B988-5438505DEE24}.Release|Any CPU.ActiveCfg = Release|Any CPU
		{005CD42E-851B-4857-B988-5438505DEE24}.Release|Any CPU.Build.0 = Release|Any CPU
		{D905405F-5868-49FF-9474-7FD03144FBBA}.Debug|Any CPU.ActiveCfg = Debug|Any CPU
		{D905405F-5868-49FF-9474-7FD03144FBBA}.Debug|Any CPU.Build.0 = Debug|Any CPU
		{D905405F-5868-49FF-9474-7FD03144FBBA}.Release|Any CPU.ActiveCfg = Release|Any CPU
		{D905405F-5868-49FF-9474-7FD03144FBBA}.Release|Any CPU.Build.0 = Release|Any CPU
		{D38CDCC3-88EC-4122-A079-7FB4F03D7296}.Debug|Any CPU.ActiveCfg = Debug|Any CPU
		{D38CDCC3-88EC-4122-A079-7FB4F03D7296}.Debug|Any CPU.Build.0 = Debug|Any CPU
		{D38CDCC3-88EC-4122-A079-7FB4F03D7296}.Release|Any CPU.ActiveCfg = Release|Any CPU
		{D38CDCC3-88EC-4122-A079-7FB4F03D7296}.Release|Any CPU.Build.0 = Release|Any CPU
		{4E7D158C-F0F9-464C-9669-363E9215CB3C}.Debug|Any CPU.ActiveCfg = Debug|Any CPU
		{4E7D158C-F0F9-464C-9669-363E9215CB3C}.Debug|Any CPU.Build.0 = Debug|Any CPU
		{4E7D158C-F0F9-464C-9669-363E9215CB3C}.Release|Any CPU.ActiveCfg = Release|Any CPU
		{4E7D158C-F0F9-464C-9669-363E9215CB3C}.Release|Any CPU.Build.0 = Release|Any CPU
		{695DF8F2-C105-4E98-81F4-AD1394DEDEE5}.Debug|Any CPU.ActiveCfg = Debug|Any CPU
		{695DF8F2-C105-4E98-81F4-AD1394DEDEE5}.Debug|Any CPU.Build.0 = Debug|Any CPU
		{695DF8F2-C105-4E98-81F4-AD1394DEDEE5}.Release|Any CPU.ActiveCfg = Release|Any CPU
		{695DF8F2-C105-4E98-81F4-AD1394DEDEE5}.Release|Any CPU.Build.0 = Release|Any CPU
		{3EE3FAD3-89BD-43F9-B3E1-8138F91E81B6}.Debug|Any CPU.ActiveCfg = Debug|Any CPU
		{3EE3FAD3-89BD-43F9-B3E1-8138F91E81B6}.Debug|Any CPU.Build.0 = Debug|Any CPU
		{3EE3FAD3-89BD-43F9-B3E1-8138F91E81B6}.Release|Any CPU.ActiveCfg = Release|Any CPU
		{3EE3FAD3-89BD-43F9-B3E1-8138F91E81B6}.Release|Any CPU.Build.0 = Release|Any CPU
		{8DCE8F62-2BE2-4DB4-9412-5630C2D9F039}.Debug|Any CPU.ActiveCfg = Debug|Any CPU
		{8DCE8F62-2BE2-4DB4-9412-5630C2D9F039}.Debug|Any CPU.Build.0 = Debug|Any CPU
		{8DCE8F62-2BE2-4DB4-9412-5630C2D9F039}.Release|Any CPU.ActiveCfg = Release|Any CPU
		{8DCE8F62-2BE2-4DB4-9412-5630C2D9F039}.Release|Any CPU.Build.0 = Release|Any CPU
		{8360F95F-F704-494A-9BC5-1505D3A38DE2}.Debug|Any CPU.ActiveCfg = Debug|Any CPU
		{8360F95F-F704-494A-9BC5-1505D3A38DE2}.Debug|Any CPU.Build.0 = Debug|Any CPU
		{8360F95F-F704-494A-9BC5-1505D3A38DE2}.Release|Any CPU.ActiveCfg = Release|Any CPU
		{8360F95F-F704-494A-9BC5-1505D3A38DE2}.Release|Any CPU.Build.0 = Release|Any CPU
		{D147822D-FB5D-459E-B29E-6D86FF9FE491}.Debug|Any CPU.ActiveCfg = Debug|Any CPU
		{D147822D-FB5D-459E-B29E-6D86FF9FE491}.Debug|Any CPU.Build.0 = Debug|Any CPU
		{D147822D-FB5D-459E-B29E-6D86FF9FE491}.Release|Any CPU.ActiveCfg = Release|Any CPU
		{D147822D-FB5D-459E-B29E-6D86FF9FE491}.Release|Any CPU.Build.0 = Release|Any CPU
		{4AEBB2C3-65CA-4823-BF15-B06C94BEADBA}.Debug|Any CPU.ActiveCfg = Debug|Any CPU
		{4AEBB2C3-65CA-4823-BF15-B06C94BEADBA}.Debug|Any CPU.Build.0 = Debug|Any CPU
		{4AEBB2C3-65CA-4823-BF15-B06C94BEADBA}.Release|Any CPU.ActiveCfg = Release|Any CPU
		{4AEBB2C3-65CA-4823-BF15-B06C94BEADBA}.Release|Any CPU.Build.0 = Release|Any CPU
	EndGlobalSection
	GlobalSection(SolutionProperties) = preSolution
		HideSolutionNode = FALSE
	EndGlobalSection
	GlobalSection(NestedProjects) = preSolution
		{9D722865-A5C1-4D35-8D8A-439C51F753CA} = {DEC434A6-745B-49CA-8B47-ABBBF3CDEC63}
		{00B2B456-803B-4214-8D40-197C429EF93D} = {DEC434A6-745B-49CA-8B47-ABBBF3CDEC63}
		{D905405F-5868-49FF-9474-7FD03144FBBA} = {DEC434A6-745B-49CA-8B47-ABBBF3CDEC63}
		{D38CDCC3-88EC-4122-A079-7FB4F03D7296} = {DEC434A6-745B-49CA-8B47-ABBBF3CDEC63}
		{4E7D158C-F0F9-464C-9669-363E9215CB3C} = {DEC434A6-745B-49CA-8B47-ABBBF3CDEC63}
		{695DF8F2-C105-4E98-81F4-AD1394DEDEE5} = {C52FDBEE-A59B-43F2-B29F-B9E910EA6354}
		{8DCE8F62-2BE2-4DB4-9412-5630C2D9F039} = {C52FDBEE-A59B-43F2-B29F-B9E910EA6354}
		{8360F95F-F704-494A-9BC5-1505D3A38DE2} = {C52FDBEE-A59B-43F2-B29F-B9E910EA6354}
		{D147822D-FB5D-459E-B29E-6D86FF9FE491} = {C52FDBEE-A59B-43F2-B29F-B9E910EA6354}
		{4AEBB2C3-65CA-4823-BF15-B06C94BEADBA} = {C52FDBEE-A59B-43F2-B29F-B9E910EA6354}
	EndGlobalSection
	GlobalSection(ExtensibilityGlobals) = postSolution
		SolutionGuid = {7E84F67C-322E-4711-B70B-41613376E669}
	EndGlobalSection
EndGlobal
